# THIS IS AN AUTOGENERATED FILE. DO NOT EDIT THIS FILE DIRECTLY.
# yarn lockfile v1


"@angular/animations@^14.1.0":
  version "14.1.0"
  resolved "https://registry.yarnpkg.com/@angular/animations/-/animations-14.1.0.tgz#a819b2c012ce507d6260c86b089f73fd00c3bf59"
  integrity sha512-OhEXi1u/M4QyltDCxSqo7YzF7ELgNDWNqbbM7vtWIcrc4c+Yiu1GXhW/GQRosF3WAuQVfdQzEI0VTeNoo98Kvw==
  dependencies:
    tslib "^2.3.0"

"@angular/cdk@^14.1.0":
  version "14.1.0"
  resolved "https://registry.yarnpkg.com/@angular/cdk/-/cdk-14.1.0.tgz#abf5ad3cdd96e42666bce949833ac1c2405ab031"
  integrity sha512-EOQZmlTgj5Tc6/s50kEQUYKWH0S748rzbymBYkvyJs864lP9A8khz83IINmm+PD2sMADKtBETD3aEa5yQRhVAA==
  dependencies:
    tslib "^2.3.0"
  optionalDependencies:
    parse5 "^5.0.0"

"@angular/common@^14.1.0":
  version "14.1.0"
  resolved "https://registry.yarnpkg.com/@angular/common/-/common-14.1.0.tgz#84886e7f74c6e475377fdc9150d0d184583ca8f5"
  integrity sha512-leethDtLbA3qySaOEBUto602DF0qH1maK9u2zHncrUFOpnHAYUEd7N9MFMdIYASurTnwOSglEoIDCML94qzImQ==
  dependencies:
    tslib "^2.3.0"

"@angular/core@^14.1.0":
  version "14.1.0"
  resolved "https://registry.yarnpkg.com/@angular/core/-/core-14.1.0.tgz#5a0fa164ca180027d4c54a5b70e7357918f9af9b"
  integrity sha512-3quEsHmQifJOQ2oij5K+cjGjmhsKsyZI1+OTHWNZ6IXeuYviZv4U/Cui9fUJ1RN3CZxH3NzWB3gB/5qYFQfOgg==
  dependencies:
    tslib "^2.3.0"

"@angular/material@^14.1.0":
  version "14.1.0"
  resolved "https://registry.yarnpkg.com/@angular/material/-/material-14.1.0.tgz#35ee1cd77d8944842f8501e3c120146c83d86141"
  integrity sha512-0UXfMqP5+Nzd6gbLplQpUX3E0rRRwhVEnAo8Z1hllGdJIY0meunMnTZCWsvYQ7SU/W+VbqnmtBmg5EOfYsjpiQ==
  dependencies:
    tslib "^2.3.0"

parse5@^5.0.0:
  version "5.1.1"
  resolved "https://registry.yarnpkg.com/parse5/-/parse5-5.1.1.tgz#f68e4e5ba1852ac2cadc00f4555fff6c2abb6178"
  integrity sha512-ugq4DFI0Ptb+WWjAdOK16+u/nHfiIrcE+sh8kZMaM0WllQKLI9rOUq6c2b7cwPkXdzfQESqvoqK6ug7U/Yyzug==

tslib@^2.3.0:
  version "2.4.0"
  resolved "https://registry.yarnpkg.com/tslib/-/tslib-2.4.0.tgz#7cecaa7f073ce680a05847aa77be941098f36dc3"
  integrity sha512-d6xOpEDfsi2CZVlPQzGeux8XMwLT9hssAsaPYExaQMuYskwb+x1x7J371tWlbBdWHroy99KnVB6qIkUbs5X3UQ==
